
Microsoft Visual Studio Solution File, Format Version 12.00
# Visual Studio Version 16
VisualStudioVersion = 16.0.30523.141
MinimumVisualStudioVersion = 10.0.40219.1
Project("{888888A0-9F3D-457C-B088-3A5042F75D52}") = "PythonApplication3", "PythonApplication3.pyproj", "{A859F530-F57B-491C-B361-94FE8649AFB4}"
EndProject
Global
	GlobalSection(SolutionConfigurationPlatforms) = preSolution
		Debug|Any CPU = Debug|Any CPU
		Release|Any CPU = Release|Any CPU
	EndGlobalSection
	GlobalSection(ProjectConfigurationPlatforms) = postSolution
		{A859F530-F57B-491C-B361-94FE8649AFB4}.Debug|Any CPU.ActiveCfg = Debug|Any CPU
		{A859F530-F57B-491C-B361-94FE8649AFB4}.Release|Any CPU.ActiveCfg = Release|Any CPU
	EndGlobalSection
	GlobalSection(SolutionProperties) = preSolution
		HideSolutionNode = FALSE
	EndGlobalSection
	GlobalSection(ExtensibilityGlobals) = postSolution
		SolutionGuid = {D10E26AB-4F83-4420-ADA4-E6E1810B6ECD}
	EndGlobalSection
EndGlobal
